// !$*UTF8*$!
{
	archiveVersion = 1;
	classes = {
	};
	objectVersion = 46;
	objects = {

/* Begin PBXFileReference section */
		C3773D951B33D9FA00B475BB /* File.java */ = {isa = PBXFileReference; lastKnownFileType = sourcecode.java; path = File.java; sourceTree = "<group>"; };
/* End PBXFileReference section */

/* Begin PBXGroup section */
		C3773D8E1B33D98700B475BB = {
			isa = PBXGroup;
			children = (
				C3773D951B33D9FA00B475BB /* File.java */,
			);
			sourceTree = "<group>";
		};
/* End PBXGroup section */

/* Begin PBXProject section */
		C3773D8F1B33D98700B475BB /* Project object */ = {
			isa = PBXProject;
			attributes = {
				LastUpgradeCheck = 0630;
			};
			buildConfigurationList = C3773D921B33D98700B475BB /* Build configuration list for PBXProject "HelloWorldXC" */;
			compatibilityVersion = "Xcode 3.2";
			developmentRegion = English;
			hasScannedForEncodings = 0;
			knownRegions = (
				en,
			);
			mainGroup = C3773D8E1B33D98700B475BB;
			projectDirPath = "";
			projectRoot = "";
			targets = (
			);
		};
/* End PBXProject section */

/* Begin XCBuildConfiguration section */
		C3773D931B33D98700B475BB /* Debug */ = {
			isa = XCBuildConfiguration;
			buildSettings = {
			};
			name = Debug;
		};
		C3773D941B33D98700B475BB /* Release */ = {
			isa = XCBuildConfiguration;
			buildSettings = {
			};
			name = Release;
		};
/* End XCBuildConfiguration section */

/* Begin XCConfigurationList section */
		C3773D921B33D98700B475BB /* Build configuration list for PBXProject "HelloWorldXC" */ = {
			isa = XCConfigurationList;
			buildConfigurations = (
				C3773D931B33D98700B475BB /* Debug */,
				C3773D941B33D98700B475BB /* Release */,
			);
			defaultConfigurationIsVisible = 0;
			defaultConfigurationName = Release;
		};
/* End XCConfigurationList section */
	};
	rootObject = C3773D8F1B33D98700B475BB /* Project object */;
}
